
Microsoft Visual Studio Solution File, Format Version 12.00
# Visual Studio Version 16
VisualStudioVersion = 16.0.29424.173
MinimumVisualStudioVersion = 10.0.40219.1
Project("{8BC9CEB8-8B4A-11D0-8D11-00A0C91BC942}") = "11_01-Catalog", "11_01-Catalog.vcxproj", "{2FB7C54B-00E4-4121-9A73-4A2426AACD47}"
EndProject
Global
	GlobalSection(SolutionConfigurationPlatforms) = preSolution
		Debug|x64 = Debug|x64
		Debug|x86 = Debug|x86
		Release|x64 = Release|x64
		Release|x86 = Release|x86
	EndGlobalSection
	GlobalSection(ProjectConfigurationPlatforms) = postSolution
		{2FB7C54B-00E4-4121-9A73-4A2426AACD47}.Debug|x64.ActiveCfg = Debug|x64
		{2FB7C54B-00E4-4121-9A73-4A2426AACD47}.Debug|x64.Build.0 = Debug|x64
		{2FB7C54B-00E4-4121-9A73-4A2426AACD47}.Debug|x86.ActiveCfg = Debug|Win32
		{2FB7C54B-00E4-4121-9A73-4A2426AACD47}.Debug|x86.Build.0 = Debug|Win32
		{2FB7C54B-00E4-4121-9A73-4A2426AACD47}.Release|x64.ActiveCfg = Release|x64
		{2FB7C54B-00E4-4121-9A73-4A2426AACD47}.Release|x64.Build.0 = Release|x64
		{2FB7C54B-00E4-4121-9A73-4A2426AACD47}.Release|x86.ActiveCfg = Release|Win32
		{2FB7C54B-00E4-4121-9A73-4A2426AACD47}.Release|x86.Build.0 = Release|Win32
	EndGlobalSection
	GlobalSection(SolutionProperties) = preSolution
		HideSolutionNode = FALSE
	EndGlobalSection
	GlobalSection(ExtensibilityGlobals) = postSolution
		SolutionGuid = {BE79A683-F1DB-4C8A-B460-90AF4919D909}
	EndGlobalSection
EndGlobal
